// !$*UTF8*$!
{
	archiveVersion = 1;
	classes = {
	};
	objectVersion = 50;
	objects = {

/* Begin PBXBuildFile section */
		104A4EEC286E55C700934EEF /* libfreetype.6.dylib in Frameworks */ = {isa = PBXBuildFile; fileRef = 103DF67627D57E5C002B5716 /* libfreetype.6.dylib */; };
		104A4EED286E55C700934EEF /* libGLEW.2.1.0.dylib in Frameworks */ = {isa = PBXBuildFile; fileRef = 10F03CA725EEE84B00DD9640 /* libGLEW.2.1.0.dylib */; };
		104A4EEE286E55C700934EEF /* libglfw.3.3.dylib in Frameworks */ = {isa = PBXBuildFile; fileRef = 10F03CA625EEE84B00DD9640 /* libglfw.3.3.dylib */; };
		104A4EEF286E55C700934EEF /* CoreVideo.framework in Frameworks */ = {isa = PBXBuildFile; fileRef = 10F03CA425EEE80000DD9640 /* CoreVideo.framework */; };
		104A4EF0286E55C700934EEF /* IOKit.framework in Frameworks */ = {isa = PBXBuildFile; fileRef = 10F03CA225EEE7F700DD9640 /* IOKit.framework */; };
		104A4EF1286E55C700934EEF /* Cocoa.framework in Frameworks */ = {isa = PBXBuildFile; fileRef = 10F03CA025EEE77900DD9640 /* Cocoa.framework */; };
		104A4EF2286E55C700934EEF /* OpenGL.framework in Frameworks */ = {isa = PBXBuildFile; fileRef = 10F03C9E25EEE77200DD9640 /* OpenGL.framework */; };
		104A4EFC286E63A400934EEF /* main18.cpp in Sources */ = {isa = PBXBuildFile; fileRef = 104A4EFB286E63A400934EEF /* main18.cpp */; };
/* End PBXBuildFile section */

/* Begin PBXCopyFilesBuildPhase section */
		104A4EF3286E55C700934EEF /* CopyFiles */ = {
			isa = PBXCopyFilesBuildPhase;
			buildActionMask = 2147483647;
			dstPath = /usr/share/man/man1/;
			dstSubfolderSpec = 0;
			files = (
			);
			runOnlyForDeploymentPostprocessing = 1;
		};
/* End PBXCopyFilesBuildPhase section */

/* Begin PBXFileReference section */
		103DF67627D57E5C002B5716 /* libfreetype.6.dylib */ = {isa = PBXFileReference; lastKnownFileType = "compiled.mach-o.dylib"; name = libfreetype.6.dylib; path = ../../../../../usr/local/Cellar/freetype/2.11.1/lib/libfreetype.6.dylib; sourceTree = "<group>"; };
		104A4EF7286E55C700934EEF /* opengl-engine */ = {isa = PBXFileReference; explicitFileType = "compiled.mach-o.executable"; includeInIndex = 0; path = "opengl-engine"; sourceTree = BUILT_PRODUCTS_DIR; };
		104A4EF8286E581600934EEF /* freetype */ = {isa = PBXFileReference; lastKnownFileType = folder; name = freetype; path = ../../../../../usr/local/Cellar/freetype/2.11.1/include/freetype2/freetype; sourceTree = "<group>"; };
		104A4EFB286E63A400934EEF /* main18.cpp */ = {isa = PBXFileReference; fileEncoding = 4; lastKnownFileType = sourcecode.cpp.cpp; name = main18.cpp; path = src/main18.cpp; sourceTree = "<group>"; };
		10F03C9E25EEE77200DD9640 /* OpenGL.framework */ = {isa = PBXFileReference; lastKnownFileType = wrapper.framework; name = OpenGL.framework; path = System/Library/Frameworks/OpenGL.framework; sourceTree = SDKROOT; };
		10F03CA025EEE77900DD9640 /* Cocoa.framework */ = {isa = PBXFileReference; lastKnownFileType = wrapper.framework; name = Cocoa.framework; path = System/Library/Frameworks/Cocoa.framework; sourceTree = SDKROOT; };
		10F03CA225EEE7F700DD9640 /* IOKit.framework */ = {isa = PBXFileReference; lastKnownFileType = wrapper.framework; name = IOKit.framework; path = System/Library/Frameworks/IOKit.framework; sourceTree = SDKROOT; };
		10F03CA425EEE80000DD9640 /* CoreVideo.framework */ = {isa = PBXFileReference; lastKnownFileType = wrapper.framework; name = CoreVideo.framework; path = System/Library/Frameworks/CoreVideo.framework; sourceTree = SDKROOT; };
		10F03CA625EEE84B00DD9640 /* libglfw.3.3.dylib */ = {isa = PBXFileReference; lastKnownFileType = "compiled.mach-o.dylib"; name = libglfw.3.3.dylib; path = ../../../../../usr/local/Cellar/glfw/3.3.2/lib/libglfw.3.3.dylib; sourceTree = "<group>"; };
		10F03CA725EEE84B00DD9640 /* libGLEW.2.1.0.dylib */ = {isa = PBXFileReference; lastKnownFileType = "compiled.mach-o.dylib"; name = libGLEW.2.1.0.dylib; path = ../../../../../usr/local/Cellar/glew/2.1.0_1/lib/libGLEW.2.1.0.dylib; sourceTree = "<group>"; };
/* End PBXFileReference section */

/* Begin PBXFrameworksBuildPhase section */
		104A4EEB286E55C700934EEF /* Frameworks */ = {
			isa = PBXFrameworksBuildPhase;
			buildActionMask = 2147483647;
			files = (
				104A4EEC286E55C700934EEF /* libfreetype.6.dylib in Frameworks */,
				104A4EED286E55C700934EEF /* libGLEW.2.1.0.dylib in Frameworks */,
				104A4EEE286E55C700934EEF /* libglfw.3.3.dylib in Frameworks */,
				104A4EEF286E55C700934EEF /* CoreVideo.framework in Frameworks */,
				104A4EF0286E55C700934EEF /* IOKit.framework in Frameworks */,
				104A4EF1286E55C700934EEF /* Cocoa.framework in Frameworks */,
				104A4EF2286E55C700934EEF /* OpenGL.framework in Frameworks */,
			);
			runOnlyForDeploymentPostprocessing = 0;
		};
/* End PBXFrameworksBuildPhase section */

/* Begin PBXGroup section */
		10F03C8925EEE76300DD9640 = {
			isa = PBXGroup;
			children = (
				104A4EFB286E63A400934EEF /* main18.cpp */,
				10F03C9325EEE76300DD9640 /* Products */,
				10F03C9D25EEE77200DD9640 /* Frameworks */,
			);
			sourceTree = "<group>";
		};
		10F03C9325EEE76300DD9640 /* Products */ = {
			isa = PBXGroup;
			children = (
				104A4EF7286E55C700934EEF /* opengl-engine */,
			);
			name = Products;
			sourceTree = "<group>";
		};
		10F03C9D25EEE77200DD9640 /* Frameworks */ = {
			isa = PBXGroup;
			children = (
				104A4EF8286E581600934EEF /* freetype */,
				103DF67627D57E5C002B5716 /* libfreetype.6.dylib */,
				10F03CA725EEE84B00DD9640 /* libGLEW.2.1.0.dylib */,
				10F03CA625EEE84B00DD9640 /* libglfw.3.3.dylib */,
				10F03CA425EEE80000DD9640 /* CoreVideo.framework */,
				10F03CA225EEE7F700DD9640 /* IOKit.framework */,
				10F03CA025EEE77900DD9640 /* Cocoa.framework */,
				10F03C9E25EEE77200DD9640 /* OpenGL.framework */,
			);
			name = Frameworks;
			sourceTree = "<group>";
		};
/* End PBXGroup section */

/* Begin PBXNativeTarget section */
		104A4EE8286E55C700934EEF /* opengl-engine */ = {
			isa = PBXNativeTarget;
			buildConfigurationList = 104A4EF4286E55C700934EEF /* Build configuration list for PBXNativeTarget "opengl-engine" */;
			buildPhases = (
				104A4EE9286E55C700934EEF /* Sources */,
				104A4EEB286E55C700934EEF /* Frameworks */,
				104A4EF3286E55C700934EEF /* CopyFiles */,
			);
			buildRules = (
			);
			dependencies = (
			);
			name = "opengl-engine";
			productName = OpenGLTest4;
			productReference = 104A4EF7286E55C700934EEF /* opengl-engine */;
			productType = "com.apple.product-type.tool";
		};
/* End PBXNativeTarget section */

/* Begin PBXProject section */
		10F03C8A25EEE76300DD9640 /* Project object */ = {
			isa = PBXProject;
			attributes = {
				LastUpgradeCheck = 1310;
			};
			buildConfigurationList = 10F03C8D25EEE76300DD9640 /* Build configuration list for PBXProject "opengl-engine" */;
			compatibilityVersion = "Xcode 9.3";
			developmentRegion = en;
			hasScannedForEncodings = 0;
			knownRegions = (
				en,
				Base,
			);
			mainGroup = 10F03C8925EEE76300DD9640;
			productRefGroup = 10F03C9325EEE76300DD9640 /* Products */;
			projectDirPath = "";
			projectRoot = "";
			targets = (
				104A4EE8286E55C700934EEF /* opengl-engine */,
			);
		};
/* End PBXProject section */

/* Begin PBXSourcesBuildPhase section */
		104A4EE9286E55C700934EEF /* Sources */ = {
			isa = PBXSourcesBuildPhase;
			buildActionMask = 2147483647;
			files = (
				104A4EFC286E63A400934EEF /* main18.cpp in Sources */,
			);
			runOnlyForDeploymentPostprocessing = 0;
		};
/* End PBXSourcesBuildPhase section */

/* Begin XCBuildConfiguration section */
		104A4EF5286E55C700934EEF /* Debug */ = {
			isa = XCBuildConfiguration;
			buildSettings = {
				CLANG_CXX_LANGUAGE_STANDARD = "gnu++14";
				CLANG_CXX_LIBRARY = "libc++";
				CODE_SIGN_IDENTITY = "-";
				CODE_SIGN_STYLE = Automatic;
				GCC_DYNAMIC_NO_PIC = NO;
				HEADER_SEARCH_PATHS = "/Users/nazimaniltepe/Documents/Projects/opengl-engine/include/**";
				LIBRARY_SEARCH_PATHS = (
					"$(inherited)",
					/usr/local/Cellar/glfw/3.3.2/lib,
					/usr/local/Cellar/glew/2.1.0_1/lib,
					/usr/local/Cellar/freetype/2.11.1/lib,
				);
				MACOSX_DEPLOYMENT_TARGET = 11.1;
				PRODUCT_NAME = "$(TARGET_NAME)";
			};
			name = Debug;
		};
		104A4EF6286E55C700934EEF /* Release */ = {
			isa = XCBuildConfiguration;
			buildSettings = {
				CLANG_CXX_LANGUAGE_STANDARD = "gnu++14";
				CLANG_CXX_LIBRARY = "libc++";
				CODE_SIGN_IDENTITY = "-";
				CODE_SIGN_STYLE = Automatic;
				GCC_DYNAMIC_NO_PIC = NO;
				HEADER_SEARCH_PATHS = "/Users/nazimaniltepe/Documents/Projects/opengl-engine/include/**";
				LIBRARY_SEARCH_PATHS = (
					"$(inherited)",
					/usr/local/Cellar/glfw/3.3.2/lib,
					/usr/local/Cellar/glew/2.1.0_1/lib,
					/usr/local/Cellar/freetype/2.11.1/lib,
				);
				MACOSX_DEPLOYMENT_TARGET = 11.1;
				PRODUCT_NAME = "$(TARGET_NAME)";
			};
			name = Release;
		};
		10F03C9725EEE76300DD9640 /* Debug */ = {
			isa = XCBuildConfiguration;
			buildSettings = {
				ALWAYS_SEARCH_USER_PATHS = NO;
				CLANG_ANALYZER_NONNULL = YES;
				CLANG_ANALYZER_NUMBER_OBJECT_CONVERSION = YES_AGGRESSIVE;
				CLANG_CXX_LANGUAGE_STANDARD = "gnu++14";
				CLANG_CXX_LIBRARY = "libc++";
				CLANG_ENABLE_MODULES = YES;
				CLANG_ENABLE_OBJC_ARC = YES;
				CLANG_ENABLE_OBJC_WEAK = YES;
				CLANG_WARN_BLOCK_CAPTURE_AUTORELEASING = YES;
				CLANG_WARN_BOOL_CONVERSION = YES;
				CLANG_WARN_COMMA = YES;
				CLANG_WARN_CONSTANT_CONVERSION = YES;
				CLANG_WARN_DEPRECATED_OBJC_IMPLEMENTATIONS = YES;
				CLANG_WARN_DIRECT_OBJC_ISA_USAGE = YES_ERROR;
				CLANG_WARN_DOCUMENTATION_COMMENTS = YES;
				CLANG_WARN_EMPTY_BODY = YES;
				CLANG_WARN_ENUM_CONVERSION = YES;
				CLANG_WARN_INFINITE_RECURSION = YES;
				CLANG_WARN_INT_CONVERSION = YES;
				CLANG_WARN_NON_LITERAL_NULL_CONVERSION = YES;
				CLANG_WARN_OBJC_IMPLICIT_RETAIN_SELF = YES;
				CLANG_WARN_OBJC_LITERAL_CONVERSION = YES;
				CLANG_WARN_OBJC_ROOT_CLASS = YES_ERROR;
				CLANG_WARN_QUOTED_INCLUDE_IN_FRAMEWORK_HEADER = YES;
				CLANG_WARN_RANGE_LOOP_ANALYSIS = YES;
				CLANG_WARN_STRICT_PROTOTYPES = YES;
				CLANG_WARN_SUSPICIOUS_MOVE = YES;
				CLANG_WARN_UNGUARDED_AVAILABILITY = YES_AGGRESSIVE;
				CLANG_WARN_UNREACHABLE_CODE = YES;
				CLANG_WARN__DUPLICATE_METHOD_MATCH = YES;
				COPY_PHASE_STRIP = NO;
				DEBUG_INFORMATION_FORMAT = dwarf;
				ENABLE_STRICT_OBJC_MSGSEND = YES;
				ENABLE_TESTABILITY = YES;
				GCC_C_LANGUAGE_STANDARD = gnu11;
				GCC_DYNAMIC_NO_PIC = NO;
				GCC_NO_COMMON_BLOCKS = YES;
				GCC_OPTIMIZATION_LEVEL = 0;
				GCC_PREPROCESSOR_DEFINITIONS = (
					"DEBUG=1",
					"$(inherited)",
				);
				GCC_WARN_64_TO_32_BIT_CONVERSION = YES;
				GCC_WARN_ABOUT_RETURN_TYPE = YES_ERROR;
				GCC_WARN_UNDECLARED_SELECTOR = YES;
				GCC_WARN_UNINITIALIZED_AUTOS = YES_AGGRESSIVE;
				GCC_WARN_UNUSED_FUNCTION = YES;
				GCC_WARN_UNUSED_VARIABLE = YES;
				MACOSX_DEPLOYMENT_TARGET = 11.1;
				MTL_ENABLE_DEBUG_INFO = INCLUDE_SOURCE;
				MTL_FAST_MATH = YES;
				ONLY_ACTIVE_ARCH = YES;
				SDKROOT = macosx;
			};
			name = Debug;
		};
		10F03C9825EEE76300DD9640 /* Release */ = {
			isa = XCBuildConfiguration;
			buildSettings = {
				ALWAYS_SEARCH_USER_PATHS = NO;
				CLANG_ANALYZER_NONNULL = YES;
				CLANG_ANALYZER_NUMBER_OBJECT_CONVERSION = YES_AGGRESSIVE;
				CLANG_CXX_LANGUAGE_STANDARD = "gnu++14";
				CLANG_CXX_LIBRARY = "libc++";
				CLANG_ENABLE_MODULES = YES;
				CLANG_ENABLE_OBJC_ARC = YES;
				CLANG_ENABLE_OBJC_WEAK = YES;
				CLANG_WARN_BLOCK_CAPTURE_AUTORELEASING = YES;
				CLANG_WARN_BOOL_CONVERSION = YES;
				CLANG_WARN_COMMA = YES;
				CLANG_WARN_CONSTANT_CONVERSION = YES;
				CLANG_WARN_DEPRECATED_OBJC_IMPLEMENTATIONS = YES;
				CLANG_WARN_DIRECT_OBJC_ISA_USAGE = YES_ERROR;
				CLANG_WARN_DOCUMENTATION_COMMENTS = YES;
				CLANG_WARN_EMPTY_BODY = YES;
				CLANG_WARN_ENUM_CONVERSION = YES;
				CLANG_WARN_INFINITE_RECURSION = YES;
				CLANG_WARN_INT_CONVERSION = YES;
				CLANG_WARN_NON_LITERAL_NULL_CONVERSION = YES;
				CLANG_WARN_OBJC_IMPLICIT_RETAIN_SELF = YES;
				CLANG_WARN_OBJC_LITERAL_CONVERSION = YES;
				CLANG_WARN_OBJC_ROOT_CLASS = YES_ERROR;
				CLANG_WARN_QUOTED_INCLUDE_IN_FRAMEWORK_HEADER = YES;
				CLANG_WARN_RANGE_LOOP_ANALYSIS = YES;
				CLANG_WARN_STRICT_PROTOTYPES = YES;
				CLANG_WARN_SUSPICIOUS_MOVE = YES;
				CLANG_WARN_UNGUARDED_AVAILABILITY = YES_AGGRESSIVE;
				CLANG_WARN_UNREACHABLE_CODE = YES;
				CLANG_WARN__DUPLICATE_METHOD_MATCH = YES;
				COPY_PHASE_STRIP = NO;
				DEBUG_INFORMATION_FORMAT = "dwarf-with-dsym";
				ENABLE_NS_ASSERTIONS = NO;
				ENABLE_STRICT_OBJC_MSGSEND = YES;
				GCC_C_LANGUAGE_STANDARD = gnu11;
				GCC_DYNAMIC_NO_PIC = NO;
				GCC_NO_COMMON_BLOCKS = YES;
				GCC_WARN_64_TO_32_BIT_CONVERSION = YES;
				GCC_WARN_ABOUT_RETURN_TYPE = YES_ERROR;
				GCC_WARN_UNDECLARED_SELECTOR = YES;
				GCC_WARN_UNINITIALIZED_AUTOS = YES_AGGRESSIVE;
				GCC_WARN_UNUSED_FUNCTION = YES;
				GCC_WARN_UNUSED_VARIABLE = YES;
				MACOSX_DEPLOYMENT_TARGET = 11.1;
				MTL_ENABLE_DEBUG_INFO = NO;
				MTL_FAST_MATH = YES;
				SDKROOT = macosx;
			};
			name = Release;
		};
/* End XCBuildConfiguration section */

/* Begin XCConfigurationList section */
		104A4EF4286E55C700934EEF /* Build configuration list for PBXNativeTarget "opengl-engine" */ = {
			isa = XCConfigurationList;
			buildConfigurations = (
				104A4EF5286E55C700934EEF /* Debug */,
				104A4EF6286E55C700934EEF /* Release */,
			);
			defaultConfigurationIsVisible = 0;
			defaultConfigurationName = Release;
		};
		10F03C8D25EEE76300DD9640 /* Build configuration list for PBXProject "opengl-engine" */ = {
			isa = XCConfigurationList;
			buildConfigurations = (
				10F03C9725EEE76300DD9640 /* Debug */,
				10F03C9825EEE76300DD9640 /* Release */,
			);
			defaultConfigurationIsVisible = 0;
			defaultConfigurationName = Release;
		};
/* End XCConfigurationList section */
	};
	rootObject = 10F03C8A25EEE76300DD9640 /* Project object */;
}
